// !$*UTF8*$!
{
	archiveVersion = 1;
	classes = {
	};
	objectVersion = 56;
	objects = {

/* Begin PBXBuildFile section */
		414310D029CAE6560071795E /* LocationProvider.swift in Sources */ = {isa = PBXBuildFile; fileRef = 414310CF29CAE6560071795E /* LocationProvider.swift */; };
		414310D429CAE7730071795E /* Location.swift in Sources */ = {isa = PBXBuildFile; fileRef = 414310D329CAE7730071795E /* Location.swift */; };
		416891CB29A87EA600677202 /* AppDelegate.swift in Sources */ = {isa = PBXBuildFile; fileRef = 416891CA29A87EA600677202 /* AppDelegate.swift */; };
		416891CD29A87EA600677202 /* SceneDelegate.swift in Sources */ = {isa = PBXBuildFile; fileRef = 416891CC29A87EA600677202 /* SceneDelegate.swift */; };
		416891CF29A87EA600677202 /* MainViewController.swift in Sources */ = {isa = PBXBuildFile; fileRef = 416891CE29A87EA600677202 /* MainViewController.swift */; };
		416891D429A87EA700677202 /* Assets.xcassets in Resources */ = {isa = PBXBuildFile; fileRef = 416891D329A87EA700677202 /* Assets.xcassets */; };
		416891D729A87EA700677202 /* LaunchScreen.storyboard in Resources */ = {isa = PBXBuildFile; fileRef = 416891D529A87EA700677202 /* LaunchScreen.storyboard */; };
		41CAAA9C29BCCD3800E83A83 /* .swiftlint.yml in Resources */ = {isa = PBXBuildFile; fileRef = 41CAAA9B29BCCD3800E83A83 /* .swiftlint.yml */; };
		41DD30C829CB209400DCE87A /* UIColor+.swift in Sources */ = {isa = PBXBuildFile; fileRef = 41DD30C729CB209400DCE87A /* UIColor+.swift */; };
		C23547E1E607195A9F5FBF82 /* Pods_FindMyCar.framework in Frameworks */ = {isa = PBXBuildFile; fileRef = 41BDEB8D52AC211832DD38D2 /* Pods_FindMyCar.framework */; };
/* End PBXBuildFile section */

/* Begin PBXFileReference section */
		1F0E6D129F45677C6830F4F3 /* Pods-FindMyCar.release.xcconfig */ = {isa = PBXFileReference; includeInIndex = 1; lastKnownFileType = text.xcconfig; name = "Pods-FindMyCar.release.xcconfig"; path = "Target Support Files/Pods-FindMyCar/Pods-FindMyCar.release.xcconfig"; sourceTree = "<group>"; };
		414310CF29CAE6560071795E /* LocationProvider.swift */ = {isa = PBXFileReference; lastKnownFileType = sourcecode.swift; path = LocationProvider.swift; sourceTree = "<group>"; };
		414310D329CAE7730071795E /* Location.swift */ = {isa = PBXFileReference; lastKnownFileType = sourcecode.swift; path = Location.swift; sourceTree = "<group>"; };
		416891C729A87EA600677202 /* FindMyCar.app */ = {isa = PBXFileReference; explicitFileType = wrapper.application; includeInIndex = 0; path = FindMyCar.app; sourceTree = BUILT_PRODUCTS_DIR; };
		416891CA29A87EA600677202 /* AppDelegate.swift */ = {isa = PBXFileReference; lastKnownFileType = sourcecode.swift; path = AppDelegate.swift; sourceTree = "<group>"; };
		416891CC29A87EA600677202 /* SceneDelegate.swift */ = {isa = PBXFileReference; lastKnownFileType = sourcecode.swift; path = SceneDelegate.swift; sourceTree = "<group>"; };
		416891CE29A87EA600677202 /* MainViewController.swift */ = {isa = PBXFileReference; lastKnownFileType = sourcecode.swift; path = MainViewController.swift; sourceTree = "<group>"; };
		416891D329A87EA700677202 /* Assets.xcassets */ = {isa = PBXFileReference; lastKnownFileType = folder.assetcatalog; path = Assets.xcassets; sourceTree = "<group>"; };
		416891D629A87EA700677202 /* Base */ = {isa = PBXFileReference; lastKnownFileType = file.storyboard; name = Base; path = Base.lproj/LaunchScreen.storyboard; sourceTree = "<group>"; };
		416891D829A87EA700677202 /* Info.plist */ = {isa = PBXFileReference; lastKnownFileType = text.plist.xml; path = Info.plist; sourceTree = "<group>"; };
		41BDEB8D52AC211832DD38D2 /* Pods_FindMyCar.framework */ = {isa = PBXFileReference; explicitFileType = wrapper.framework; includeInIndex = 0; path = Pods_FindMyCar.framework; sourceTree = BUILT_PRODUCTS_DIR; };
		41CAAA9B29BCCD3800E83A83 /* .swiftlint.yml */ = {isa = PBXFileReference; lastKnownFileType = text.yaml; path = .swiftlint.yml; sourceTree = "<group>"; };
		41DD30C729CB209400DCE87A /* UIColor+.swift */ = {isa = PBXFileReference; lastKnownFileType = sourcecode.swift; path = "UIColor+.swift"; sourceTree = "<group>"; };
		C336F5CAF5CE7A1BFFABDE2F /* Pods-FindMyCar.debug.xcconfig */ = {isa = PBXFileReference; includeInIndex = 1; lastKnownFileType = text.xcconfig; name = "Pods-FindMyCar.debug.xcconfig"; path = "Target Support Files/Pods-FindMyCar/Pods-FindMyCar.debug.xcconfig"; sourceTree = "<group>"; };
/* End PBXFileReference section */

/* Begin PBXFrameworksBuildPhase section */
		416891C429A87EA600677202 /* Frameworks */ = {
			isa = PBXFrameworksBuildPhase;
			buildActionMask = 2147483647;
			files = (
				C23547E1E607195A9F5FBF82 /* Pods_FindMyCar.framework in Frameworks */,
			);
			runOnlyForDeploymentPostprocessing = 0;
		};
/* End PBXFrameworksBuildPhase section */

/* Begin PBXGroup section */
		414310CE29CAE63F0071795E /* InfraStructure */ = {
			isa = PBXGroup;
			children = (
				414310D129CAE7090071795E /* Location */,
			);
			path = InfraStructure;
			sourceTree = "<group>";
		};
		414310D129CAE7090071795E /* Location */ = {
			isa = PBXGroup;
			children = (
				414310CF29CAE6560071795E /* LocationProvider.swift */,
				414310D329CAE7730071795E /* Location.swift */,
			);
			path = Location;
			sourceTree = "<group>";
		};
		416891BE29A87EA600677202 = {
			isa = PBXGroup;
			children = (
				41CAAA9B29BCCD3800E83A83 /* .swiftlint.yml */,
				416891C929A87EA600677202 /* FindMyCar */,
				416891C829A87EA600677202 /* Products */,
				46E6C53979A62B71FF69F99D /* Pods */,
				C7FDEB990299B2C3266E9BF2 /* Frameworks */,
			);
			sourceTree = "<group>";
		};
		416891C829A87EA600677202 /* Products */ = {
			isa = PBXGroup;
			children = (
				416891C729A87EA600677202 /* FindMyCar.app */,
			);
			name = Products;
			sourceTree = "<group>";
		};
		416891C929A87EA600677202 /* FindMyCar */ = {
			isa = PBXGroup;
			children = (
				414310CE29CAE63F0071795E /* InfraStructure */,
				4184C77E29C7471900C53C00 /* Presenter */,
				41CAAA9D29BCCD5E00E83A83 /* Application */,
				416891D329A87EA700677202 /* Assets.xcassets */,
				416891D529A87EA700677202 /* LaunchScreen.storyboard */,
				416891D829A87EA700677202 /* Info.plist */,
			);
			path = FindMyCar;
			sourceTree = "<group>";
		};
		4184C77E29C7471900C53C00 /* Presenter */ = {
			isa = PBXGroup;
			children = (
				41DD30C529CB1FFA00DCE87A /* Utils */,
				41DD30C229CB0DFD00DCE87A /* MainView */,
			);
			path = Presenter;
			sourceTree = "<group>";
		};
		41CAAA9D29BCCD5E00E83A83 /* Application */ = {
			isa = PBXGroup;
			children = (
				416891CA29A87EA600677202 /* AppDelegate.swift */,
				416891CC29A87EA600677202 /* SceneDelegate.swift */,
			);
			path = Application;
			sourceTree = "<group>";
		};
		41DD30C229CB0DFD00DCE87A /* MainView */ = {
			isa = PBXGroup;
			children = (
				41DD30C329CB0E0600DCE87A /* ViewModel */,
				41DD30C429CB0E0E00DCE87A /* View */,
			);
			path = MainView;
			sourceTree = "<group>";
		};
		41DD30C329CB0E0600DCE87A /* ViewModel */ = {
			isa = PBXGroup;
			children = (
			);
			path = ViewModel;
			sourceTree = "<group>";
		};
		41DD30C429CB0E0E00DCE87A /* View */ = {
			isa = PBXGroup;
			children = (
				416891CE29A87EA600677202 /* MainViewController.swift */,
			);
			path = View;
			sourceTree = "<group>";
		};
		41DD30C529CB1FFA00DCE87A /* Utils */ = {
			isa = PBXGroup;
			children = (
				41DD30C629CB208600DCE87A /* Extension */,
			);
			path = Utils;
			sourceTree = "<group>";
		};
		41DD30C629CB208600DCE87A /* Extension */ = {
			isa = PBXGroup;
			children = (
				41DD30C729CB209400DCE87A /* UIColor+.swift */,
			);
			path = Extension;
			sourceTree = "<group>";
		};
		46E6C53979A62B71FF69F99D /* Pods */ = {
			isa = PBXGroup;
			children = (
				C336F5CAF5CE7A1BFFABDE2F /* Pods-FindMyCar.debug.xcconfig */,
				1F0E6D129F45677C6830F4F3 /* Pods-FindMyCar.release.xcconfig */,
			);
			path = Pods;
			sourceTree = "<group>";
		};
		C7FDEB990299B2C3266E9BF2 /* Frameworks */ = {
			isa = PBXGroup;
			children = (
				41BDEB8D52AC211832DD38D2 /* Pods_FindMyCar.framework */,
			);
			name = Frameworks;
			sourceTree = "<group>";
		};
/* End PBXGroup section */

/* Begin PBXNativeTarget section */
		416891C629A87EA600677202 /* FindMyCar */ = {
			isa = PBXNativeTarget;
			buildConfigurationList = 416891DB29A87EA700677202 /* Build configuration list for PBXNativeTarget "FindMyCar" */;
			buildPhases = (
				2BFE92A5DD796E4B92D7F531 /* [CP] Check Pods Manifest.lock */,
				41CAAA9A29BCCCE200E83A83 /* SwiftLint */,
				416891C329A87EA600677202 /* Sources */,
				416891C429A87EA600677202 /* Frameworks */,
				416891C529A87EA600677202 /* Resources */,
			);
			buildRules = (
			);
			dependencies = (
			);
			name = FindMyCar;
			productName = FindMyCar;
			productReference = 416891C729A87EA600677202 /* FindMyCar.app */;
			productType = "com.apple.product-type.application";
		};
/* End PBXNativeTarget section */

/* Begin PBXProject section */
		416891BF29A87EA600677202 /* Project object */ = {
			isa = PBXProject;
			attributes = {
				BuildIndependentTargetsInParallel = 1;
				LastSwiftUpdateCheck = 1420;
				LastUpgradeCheck = 1420;
				TargetAttributes = {
					416891C629A87EA600677202 = {
						CreatedOnToolsVersion = 14.2;
					};
				};
			};
			buildConfigurationList = 416891C229A87EA600677202 /* Build configuration list for PBXProject "FindMyCar" */;
			compatibilityVersion = "Xcode 14.0";
			developmentRegion = en;
			hasScannedForEncodings = 0;
			knownRegions = (
				en,
				Base,
			);
			mainGroup = 416891BE29A87EA600677202;
			productRefGroup = 416891C829A87EA600677202 /* Products */;
			projectDirPath = "";
			projectRoot = "";
			targets = (
				416891C629A87EA600677202 /* FindMyCar */,
			);
		};
/* End PBXProject section */

/* Begin PBXResourcesBuildPhase section */
		416891C529A87EA600677202 /* Resources */ = {
			isa = PBXResourcesBuildPhase;
			buildActionMask = 2147483647;
			files = (
				41CAAA9C29BCCD3800E83A83 /* .swiftlint.yml in Resources */,
				416891D729A87EA700677202 /* LaunchScreen.storyboard in Resources */,
				416891D429A87EA700677202 /* Assets.xcassets in Resources */,
			);
			runOnlyForDeploymentPostprocessing = 0;
		};
/* End PBXResourcesBuildPhase section */

/* Begin PBXShellScriptBuildPhase section */
		2BFE92A5DD796E4B92D7F531 /* [CP] Check Pods Manifest.lock */ = {
			isa = PBXShellScriptBuildPhase;
			buildActionMask = 2147483647;
			files = (
			);
			inputFileListPaths = (
			);
			inputPaths = (
				"${PODS_PODFILE_DIR_PATH}/Podfile.lock",
				"${PODS_ROOT}/Manifest.lock",
			);
			name = "[CP] Check Pods Manifest.lock";
			outputFileListPaths = (
			);
			outputPaths = (
				"$(DERIVED_FILE_DIR)/Pods-FindMyCar-checkManifestLockResult.txt",
			);
			runOnlyForDeploymentPostprocessing = 0;
			shellPath = /bin/sh;
			shellScript = "diff \"${PODS_PODFILE_DIR_PATH}/Podfile.lock\" \"${PODS_ROOT}/Manifest.lock\" > /dev/null\nif [ $? != 0 ] ; then\n    # print error to STDERR\n    echo \"error: The sandbox is not in sync with the Podfile.lock. Run 'pod install' or update your CocoaPods installation.\" >&2\n    exit 1\nfi\n# This output is used by Xcode 'outputs' to avoid re-running this script phase.\necho \"SUCCESS\" > \"${SCRIPT_OUTPUT_FILE_0}\"\n";
			showEnvVarsInLog = 0;
		};
		41CAAA9A29BCCCE200E83A83 /* SwiftLint */ = {
			isa = PBXShellScriptBuildPhase;
			alwaysOutOfDate = 1;
			buildActionMask = 2147483647;
			files = (
			);
			inputFileListPaths = (
			);
			inputPaths = (
			);
			name = SwiftLint;
			outputFileListPaths = (
			);
			outputPaths = (
			);
			runOnlyForDeploymentPostprocessing = 0;
			shellPath = /bin/sh;
			shellScript = "${PODS_ROOT}/SwiftLint/swiftlint\n";
		};
/* End PBXShellScriptBuildPhase section */

/* Begin PBXSourcesBuildPhase section */
		416891C329A87EA600677202 /* Sources */ = {
			isa = PBXSourcesBuildPhase;
			buildActionMask = 2147483647;
			files = (
				416891CF29A87EA600677202 /* MainViewController.swift in Sources */,
				416891CB29A87EA600677202 /* AppDelegate.swift in Sources */,
				414310D429CAE7730071795E /* Location.swift in Sources */,
				414310D029CAE6560071795E /* LocationProvider.swift in Sources */,
				416891CD29A87EA600677202 /* SceneDelegate.swift in Sources */,
				41DD30C829CB209400DCE87A /* UIColor+.swift in Sources */,
			);
			runOnlyForDeploymentPostprocessing = 0;
		};
/* End PBXSourcesBuildPhase section */

/* Begin PBXVariantGroup section */
		416891D529A87EA700677202 /* LaunchScreen.storyboard */ = {
			isa = PBXVariantGroup;
			children = (
				416891D629A87EA700677202 /* Base */,
			);
			name = LaunchScreen.storyboard;
			sourceTree = "<group>";
		};
/* End PBXVariantGroup section */

/* Begin XCBuildConfiguration section */
		416891D929A87EA700677202 /* Debug */ = {
			isa = XCBuildConfiguration;
			buildSettings = {
				ALWAYS_SEARCH_USER_PATHS = NO;
				CLANG_ANALYZER_NONNULL = YES;
				CLANG_ANALYZER_NUMBER_OBJECT_CONVERSION = YES_AGGRESSIVE;
				CLANG_CXX_LANGUAGE_STANDARD = "gnu++20";
				CLANG_ENABLE_MODULES = YES;
				CLANG_ENABLE_OBJC_ARC = YES;
				CLANG_ENABLE_OBJC_WEAK = YES;
				CLANG_WARN_BLOCK_CAPTURE_AUTORELEASING = YES;
				CLANG_WARN_BOOL_CONVERSION = YES;
				CLANG_WARN_COMMA = YES;
				CLANG_WARN_CONSTANT_CONVERSION = YES;
				CLANG_WARN_DEPRECATED_OBJC_IMPLEMENTATIONS = YES;
				CLANG_WARN_DIRECT_OBJC_ISA_USAGE = YES_ERROR;
				CLANG_WARN_DOCUMENTATION_COMMENTS = YES;
				CLANG_WARN_EMPTY_BODY = YES;
				CLANG_WARN_ENUM_CONVERSION = YES;
				CLANG_WARN_INFINITE_RECURSION = YES;
				CLANG_WARN_INT_CONVERSION = YES;
				CLANG_WARN_NON_LITERAL_NULL_CONVERSION = YES;
				CLANG_WARN_OBJC_IMPLICIT_RETAIN_SELF = YES;
				CLANG_WARN_OBJC_LITERAL_CONVERSION = YES;
				CLANG_WARN_OBJC_ROOT_CLASS = YES_ERROR;
				CLANG_WARN_QUOTED_INCLUDE_IN_FRAMEWORK_HEADER = YES;
				CLANG_WARN_RANGE_LOOP_ANALYSIS = YES;
				CLANG_WARN_STRICT_PROTOTYPES = YES;
				CLANG_WARN_SUSPICIOUS_MOVE = YES;
				CLANG_WARN_UNGUARDED_AVAILABILITY = YES_AGGRESSIVE;
				CLANG_WARN_UNREACHABLE_CODE = YES;
				CLANG_WARN__DUPLICATE_METHOD_MATCH = YES;
				COPY_PHASE_STRIP = NO;
				DEBUG_INFORMATION_FORMAT = dwarf;
				ENABLE_STRICT_OBJC_MSGSEND = YES;
				ENABLE_TESTABILITY = YES;
				GCC_C_LANGUAGE_STANDARD = gnu11;
				GCC_DYNAMIC_NO_PIC = NO;
				GCC_NO_COMMON_BLOCKS = YES;
				GCC_OPTIMIZATION_LEVEL = 0;
				GCC_PREPROCESSOR_DEFINITIONS = (
					"DEBUG=1",
					"$(inherited)",
				);
				GCC_WARN_64_TO_32_BIT_CONVERSION = YES;
				GCC_WARN_ABOUT_RETURN_TYPE = YES_ERROR;
				GCC_WARN_UNDECLARED_SELECTOR = YES;
				GCC_WARN_UNINITIALIZED_AUTOS = YES_AGGRESSIVE;
				GCC_WARN_UNUSED_FUNCTION = YES;
				GCC_WARN_UNUSED_VARIABLE = YES;
				IPHONEOS_DEPLOYMENT_TARGET = 16.2;
				MTL_ENABLE_DEBUG_INFO = INCLUDE_SOURCE;
				MTL_FAST_MATH = YES;
				ONLY_ACTIVE_ARCH = YES;
				SDKROOT = iphoneos;
				SWIFT_ACTIVE_COMPILATION_CONDITIONS = DEBUG;
				SWIFT_OPTIMIZATION_LEVEL = "-Onone";
			};
			name = Debug;
		};
		416891DA29A87EA700677202 /* Release */ = {
			isa = XCBuildConfiguration;
			buildSettings = {
				ALWAYS_SEARCH_USER_PATHS = NO;
				CLANG_ANALYZER_NONNULL = YES;
				CLANG_ANALYZER_NUMBER_OBJECT_CONVERSION = YES_AGGRESSIVE;
				CLANG_CXX_LANGUAGE_STANDARD = "gnu++20";
				CLANG_ENABLE_MODULES = YES;
				CLANG_ENABLE_OBJC_ARC = YES;
				CLANG_ENABLE_OBJC_WEAK = YES;
				CLANG_WARN_BLOCK_CAPTURE_AUTORELEASING = YES;
				CLANG_WARN_BOOL_CONVERSION = YES;
				CLANG_WARN_COMMA = YES;
				CLANG_WARN_CONSTANT_CONVERSION = YES;
				CLANG_WARN_DEPRECATED_OBJC_IMPLEMENTATIONS = YES;
				CLANG_WARN_DIRECT_OBJC_ISA_USAGE = YES_ERROR;
				CLANG_WARN_DOCUMENTATION_COMMENTS = YES;
				CLANG_WARN_EMPTY_BODY = YES;
				CLANG_WARN_ENUM_CONVERSION = YES;
				CLANG_WARN_INFINITE_RECURSION = YES;
				CLANG_WARN_INT_CONVERSION = YES;
				CLANG_WARN_NON_LITERAL_NULL_CONVERSION = YES;
				CLANG_WARN_OBJC_IMPLICIT_RETAIN_SELF = YES;
				CLANG_WARN_OBJC_LITERAL_CONVERSION = YES;
				CLANG_WARN_OBJC_ROOT_CLASS = YES_ERROR;
				CLANG_WARN_QUOTED_INCLUDE_IN_FRAMEWORK_HEADER = YES;
				CLANG_WARN_RANGE_LOOP_ANALYSIS = YES;
				CLANG_WARN_STRICT_PROTOTYPES = YES;
				CLANG_WARN_SUSPICIOUS_MOVE = YES;
				CLANG_WARN_UNGUARDED_AVAILABILITY = YES_AGGRESSIVE;
				CLANG_WARN_UNREACHABLE_CODE = YES;
				CLANG_WARN__DUPLICATE_METHOD_MATCH = YES;
				COPY_PHASE_STRIP = NO;
				DEBUG_INFORMATION_FORMAT = "dwarf-with-dsym";
				ENABLE_NS_ASSERTIONS = NO;
				ENABLE_STRICT_OBJC_MSGSEND = YES;
				GCC_C_LANGUAGE_STANDARD = gnu11;
				GCC_NO_COMMON_BLOCKS = YES;
				GCC_WARN_64_TO_32_BIT_CONVERSION = YES;
				GCC_WARN_ABOUT_RETURN_TYPE = YES_ERROR;
				GCC_WARN_UNDECLARED_SELECTOR = YES;
				GCC_WARN_UNINITIALIZED_AUTOS = YES_AGGRESSIVE;
				GCC_WARN_UNUSED_FUNCTION = YES;
				GCC_WARN_UNUSED_VARIABLE = YES;
				IPHONEOS_DEPLOYMENT_TARGET = 16.2;
				MTL_ENABLE_DEBUG_INFO = NO;
				MTL_FAST_MATH = YES;
				SDKROOT = iphoneos;
				SWIFT_COMPILATION_MODE = wholemodule;
				SWIFT_OPTIMIZATION_LEVEL = "-O";
				VALIDATE_PRODUCT = YES;
			};
			name = Release;
		};
		416891DC29A87EA700677202 /* Debug */ = {
			isa = XCBuildConfiguration;
			baseConfigurationReference = C336F5CAF5CE7A1BFFABDE2F /* Pods-FindMyCar.debug.xcconfig */;
			buildSettings = {
				ASSETCATALOG_COMPILER_APPICON_NAME = AppIcon;
				ASSETCATALOG_COMPILER_GLOBAL_ACCENT_COLOR_NAME = AccentColor;
				CODE_SIGN_STYLE = Automatic;
				CURRENT_PROJECT_VERSION = 1;
				DEVELOPMENT_TEAM = G9W4Z8U9JB;
				GENERATE_INFOPLIST_FILE = YES;
				IBSC_FLATTEN_NIBS = YES;
				INFOPLIST_FILE = FindMyCar/Info.plist;
				INFOPLIST_KEY_UIApplicationSupportsIndirectInputEvents = YES;
				INFOPLIST_KEY_UILaunchStoryboardName = LaunchScreen;
				INFOPLIST_KEY_UIMainStoryboardFile = "";
				INFOPLIST_KEY_UISupportedInterfaceOrientations_iPad = "UIInterfaceOrientationPortrait UIInterfaceOrientationPortraitUpsideDown UIInterfaceOrientationLandscapeLeft UIInterfaceOrientationLandscapeRight";
				INFOPLIST_KEY_UISupportedInterfaceOrientations_iPhone = "UIInterfaceOrientationPortrait UIInterfaceOrientationLandscapeLeft UIInterfaceOrientationLandscapeRight";
				LD_RUNPATH_SEARCH_PATHS = (
					"$(inherited)",
					"@executable_path/Frameworks",
				);
				MARKETING_VERSION = 1.0;
				PRODUCT_BUNDLE_IDENTIFIER = com.sunny.FindMyCar;
				PRODUCT_NAME = "$(TARGET_NAME)";
				SWIFT_EMIT_LOC_STRINGS = YES;
				SWIFT_VERSION = 5.0;
				TARGETED_DEVICE_FAMILY = "1,2";
			};
			name = Debug;
		};
		416891DD29A87EA700677202 /* Release */ = {
			isa = XCBuildConfiguration;
			baseConfigurationReference = 1F0E6D129F45677C6830F4F3 /* Pods-FindMyCar.release.xcconfig */;
			buildSettings = {
				ASSETCATALOG_COMPILER_APPICON_NAME = AppIcon;
				ASSETCATALOG_COMPILER_GLOBAL_ACCENT_COLOR_NAME = AccentColor;
				CODE_SIGN_STYLE = Automatic;
				CURRENT_PROJECT_VERSION = 1;
				DEVELOPMENT_TEAM = G9W4Z8U9JB;
				GENERATE_INFOPLIST_FILE = YES;
				IBSC_FLATTEN_NIBS = YES;
				INFOPLIST_FILE = FindMyCar/Info.plist;
				INFOPLIST_KEY_UIApplicationSupportsIndirectInputEvents = YES;
				INFOPLIST_KEY_UILaunchStoryboardName = LaunchScreen;
				INFOPLIST_KEY_UIMainStoryboardFile = "";
				INFOPLIST_KEY_UISupportedInterfaceOrientations_iPad = "UIInterfaceOrientationPortrait UIInterfaceOrientationPortraitUpsideDown UIInterfaceOrientationLandscapeLeft UIInterfaceOrientationLandscapeRight";
				INFOPLIST_KEY_UISupportedInterfaceOrientations_iPhone = "UIInterfaceOrientationPortrait UIInterfaceOrientationLandscapeLeft UIInterfaceOrientationLandscapeRight";
				LD_RUNPATH_SEARCH_PATHS = (
					"$(inherited)",
					"@executable_path/Frameworks",
				);
				MARKETING_VERSION = 1.0;
				PRODUCT_BUNDLE_IDENTIFIER = com.sunny.FindMyCar;
				PRODUCT_NAME = "$(TARGET_NAME)";
				SWIFT_EMIT_LOC_STRINGS = YES;
				SWIFT_VERSION = 5.0;
				TARGETED_DEVICE_FAMILY = "1,2";
			};
			name = Release;
		};
/* End XCBuildConfiguration section */

/* Begin XCConfigurationList section */
		416891C229A87EA600677202 /* Build configuration list for PBXProject "FindMyCar" */ = {
			isa = XCConfigurationList;
			buildConfigurations = (
				416891D929A87EA700677202 /* Debug */,
				416891DA29A87EA700677202 /* Release */,
			);
			defaultConfigurationIsVisible = 0;
			defaultConfigurationName = Release;
		};
		416891DB29A87EA700677202 /* Build configuration list for PBXNativeTarget "FindMyCar" */ = {
			isa = XCConfigurationList;
			buildConfigurations = (
				416891DC29A87EA700677202 /* Debug */,
				416891DD29A87EA700677202 /* Release */,
			);
			defaultConfigurationIsVisible = 0;
			defaultConfigurationName = Release;
		};
/* End XCConfigurationList section */
	};
	rootObject = 416891BF29A87EA600677202 /* Project object */;
}
