// !$*UTF8*$!
{
	archiveVersion = 1;
	classes = {
	};
	objectVersion = 56;
	objects = {

/* Begin PBXBuildFile section */
		414310D429CAE7730071795E /* Location.swift in Sources */ = {isa = PBXBuildFile; fileRef = 414310D329CAE7730071795E /* Location.swift */; };
		4143596F29CFE87500141137 /* PhotoView.swift in Sources */ = {isa = PBXBuildFile; fileRef = 4143596E29CFE87500141137 /* PhotoView.swift */; };
		416891CB29A87EA600677202 /* AppDelegate.swift in Sources */ = {isa = PBXBuildFile; fileRef = 416891CA29A87EA600677202 /* AppDelegate.swift */; };
		416891CD29A87EA600677202 /* SceneDelegate.swift in Sources */ = {isa = PBXBuildFile; fileRef = 416891CC29A87EA600677202 /* SceneDelegate.swift */; };
		416891CF29A87EA600677202 /* MainViewController.swift in Sources */ = {isa = PBXBuildFile; fileRef = 416891CE29A87EA600677202 /* MainViewController.swift */; };
		416891D429A87EA700677202 /* Assets.xcassets in Resources */ = {isa = PBXBuildFile; fileRef = 416891D329A87EA700677202 /* Assets.xcassets */; };
		416891D729A87EA700677202 /* LaunchScreen.storyboard in Resources */ = {isa = PBXBuildFile; fileRef = 416891D529A87EA700677202 /* LaunchScreen.storyboard */; };
		4198D35629D6D13300F1B03A /* DeleteLocationUseCase.swift in Sources */ = {isa = PBXBuildFile; fileRef = 4198D35529D6D13300F1B03A /* DeleteLocationUseCase.swift */; };
		4198D35829D6D1F000F1B03A /* DefaultViewModel.swift in Sources */ = {isa = PBXBuildFile; fileRef = 4198D35729D6D1F000F1B03A /* DefaultViewModel.swift */; };
		41C3E2CE29D2C02500224BA3 /* Alertable.swift in Sources */ = {isa = PBXBuildFile; fileRef = 41C3E2CD29D2C02500224BA3 /* Alertable.swift */; };
		41C4F15529D13BC400F20831 /* MapView.swift in Sources */ = {isa = PBXBuildFile; fileRef = 41C4F15429D13BC400F20831 /* MapView.swift */; };
		41C4F15829D13E7D00F20831 /* MapProvider.swift in Sources */ = {isa = PBXBuildFile; fileRef = 41C4F15729D13E7D00F20831 /* MapProvider.swift */; };
		41C4F15A29D16C0E00F20831 /* MapViewModel.swift in Sources */ = {isa = PBXBuildFile; fileRef = 41C4F15929D16C0E00F20831 /* MapViewModel.swift */; };
		41C4F15C29D16C9900F20831 /* Observable.swift in Sources */ = {isa = PBXBuildFile; fileRef = 41C4F15B29D16C9900F20831 /* Observable.swift */; };
		41C4F16529D19D0200F20831 /* UIButton+init.swift in Sources */ = {isa = PBXBuildFile; fileRef = 41C4F16429D19D0200F20831 /* UIButton+init.swift */; };
		41CAAA9C29BCCD3800E83A83 /* .swiftlint.yml in Resources */ = {isa = PBXBuildFile; fileRef = 41CAAA9B29BCCD3800E83A83 /* .swiftlint.yml */; };
		41D4FC8F29CF4D2C005DD915 /* Constant.swift in Sources */ = {isa = PBXBuildFile; fileRef = 41D4FC8E29CF4D2C005DD915 /* Constant.swift */; };
		41D4FC9129CF51C1005DD915 /* DrawingView.swift in Sources */ = {isa = PBXBuildFile; fileRef = 41D4FC9029CF51C1005DD915 /* DrawingView.swift */; };
		41DD30C829CB209400DCE87A /* UIColor+AssetColor.swift in Sources */ = {isa = PBXBuildFile; fileRef = 41DD30C729CB209400DCE87A /* UIColor+AssetColor.swift */; };
		41DD30CA29CB313400DCE87A /* MainViewModel.swift in Sources */ = {isa = PBXBuildFile; fileRef = 41DD30C929CB313400DCE87A /* MainViewModel.swift */; };
		41DD30CC29CB3C9900DCE87A /* DefaultView.swift in Sources */ = {isa = PBXBuildFile; fileRef = 41DD30CB29CB3C9900DCE87A /* DefaultView.swift */; };
		41EB2ACD29D43BD5003AC5B2 /* ParkingLocation.xcdatamodeld in Sources */ = {isa = PBXBuildFile; fileRef = 41EB2ACB29D43BD5003AC5B2 /* ParkingLocation.xcdatamodeld */; };
		41EB2AD029D43C5C003AC5B2 /* CoreDataStorage.swift in Sources */ = {isa = PBXBuildFile; fileRef = 41EB2ACF29D43C5C003AC5B2 /* CoreDataStorage.swift */; };
		41EB2AD229D43CE1003AC5B2 /* CoreDataLocationStorage.swift in Sources */ = {isa = PBXBuildFile; fileRef = 41EB2AD129D43CE1003AC5B2 /* CoreDataLocationStorage.swift */; };
		41EB2AD429D4412C003AC5B2 /* DataMapping.swift in Sources */ = {isa = PBXBuildFile; fileRef = 41EB2AD329D4412C003AC5B2 /* DataMapping.swift */; };
		41EB2ADA29D47807003AC5B2 /* FetchLocationUseCase.swift in Sources */ = {isa = PBXBuildFile; fileRef = 41EB2AD929D47807003AC5B2 /* FetchLocationUseCase.swift */; };
		41EB2AE229D479BC003AC5B2 /* LocationRepository.swift in Sources */ = {isa = PBXBuildFile; fileRef = 41EB2AE129D479BC003AC5B2 /* LocationRepository.swift */; };
		41EB2AE429D47A10003AC5B2 /* DefaultLocationRepository.swift in Sources */ = {isa = PBXBuildFile; fileRef = 41EB2AE329D47A10003AC5B2 /* DefaultLocationRepository.swift */; };
		41EB2AE629D47EC8003AC5B2 /* SaveLocationUseCase.swift in Sources */ = {isa = PBXBuildFile; fileRef = 41EB2AE529D47EC7003AC5B2 /* SaveLocationUseCase.swift */; };
		41F0084D29D41D9E000298B4 /* UIImage+AssetImage.swift in Sources */ = {isa = PBXBuildFile; fileRef = 41F0084C29D41D9E000298B4 /* UIImage+AssetImage.swift */; };
		41F0C2BD29D507A7001A8D41 /* LocationType.swift in Sources */ = {isa = PBXBuildFile; fileRef = 41F0C2BC29D507A7001A8D41 /* LocationType.swift */; };
		41F0C2BF29D557C2001A8D41 /* PhotoViewModel.swift in Sources */ = {isa = PBXBuildFile; fileRef = 41F0C2BE29D557C2001A8D41 /* PhotoViewModel.swift */; };
		41F0C2C129D55AC4001A8D41 /* DrawingViewModel.swift in Sources */ = {isa = PBXBuildFile; fileRef = 41F0C2C029D55AC4001A8D41 /* DrawingViewModel.swift */; };
		C23547E1E607195A9F5FBF82 /* Pods_FindMyCar.framework in Frameworks */ = {isa = PBXBuildFile; fileRef = 41BDEB8D52AC211832DD38D2 /* Pods_FindMyCar.framework */; };
/* End PBXBuildFile section */

/* Begin PBXFileReference section */
		1F0E6D129F45677C6830F4F3 /* Pods-FindMyCar.release.xcconfig */ = {isa = PBXFileReference; includeInIndex = 1; lastKnownFileType = text.xcconfig; name = "Pods-FindMyCar.release.xcconfig"; path = "Target Support Files/Pods-FindMyCar/Pods-FindMyCar.release.xcconfig"; sourceTree = "<group>"; };
		414310D329CAE7730071795E /* Location.swift */ = {isa = PBXFileReference; lastKnownFileType = sourcecode.swift; path = Location.swift; sourceTree = "<group>"; };
		4143596E29CFE87500141137 /* PhotoView.swift */ = {isa = PBXFileReference; lastKnownFileType = sourcecode.swift; path = PhotoView.swift; sourceTree = "<group>"; };
		416891C729A87EA600677202 /* FindMyCar.app */ = {isa = PBXFileReference; explicitFileType = wrapper.application; includeInIndex = 0; path = FindMyCar.app; sourceTree = BUILT_PRODUCTS_DIR; };
		416891CA29A87EA600677202 /* AppDelegate.swift */ = {isa = PBXFileReference; lastKnownFileType = sourcecode.swift; path = AppDelegate.swift; sourceTree = "<group>"; };
		416891CC29A87EA600677202 /* SceneDelegate.swift */ = {isa = PBXFileReference; lastKnownFileType = sourcecode.swift; path = SceneDelegate.swift; sourceTree = "<group>"; };
		416891CE29A87EA600677202 /* MainViewController.swift */ = {isa = PBXFileReference; lastKnownFileType = sourcecode.swift; path = MainViewController.swift; sourceTree = "<group>"; };
		416891D329A87EA700677202 /* Assets.xcassets */ = {isa = PBXFileReference; lastKnownFileType = folder.assetcatalog; path = Assets.xcassets; sourceTree = "<group>"; };
		416891D629A87EA700677202 /* Base */ = {isa = PBXFileReference; lastKnownFileType = file.storyboard; name = Base; path = Base.lproj/LaunchScreen.storyboard; sourceTree = "<group>"; };
		416891D829A87EA700677202 /* Info.plist */ = {isa = PBXFileReference; lastKnownFileType = text.plist.xml; name = Info.plist; path = FindMyCar/Resource/Info.plist; sourceTree = SOURCE_ROOT; };
		4198D35529D6D13300F1B03A /* DeleteLocationUseCase.swift */ = {isa = PBXFileReference; lastKnownFileType = sourcecode.swift; path = DeleteLocationUseCase.swift; sourceTree = "<group>"; };
		4198D35729D6D1F000F1B03A /* DefaultViewModel.swift */ = {isa = PBXFileReference; lastKnownFileType = sourcecode.swift; path = DefaultViewModel.swift; sourceTree = "<group>"; };
		41BDEB8D52AC211832DD38D2 /* Pods_FindMyCar.framework */ = {isa = PBXFileReference; explicitFileType = wrapper.framework; includeInIndex = 0; path = Pods_FindMyCar.framework; sourceTree = BUILT_PRODUCTS_DIR; };
		41C3E2CD29D2C02500224BA3 /* Alertable.swift */ = {isa = PBXFileReference; lastKnownFileType = sourcecode.swift; path = Alertable.swift; sourceTree = "<group>"; };
		41C4F15429D13BC400F20831 /* MapView.swift */ = {isa = PBXFileReference; lastKnownFileType = sourcecode.swift; path = MapView.swift; sourceTree = "<group>"; };
		41C4F15729D13E7D00F20831 /* MapProvider.swift */ = {isa = PBXFileReference; lastKnownFileType = sourcecode.swift; path = MapProvider.swift; sourceTree = "<group>"; };
		41C4F15929D16C0E00F20831 /* MapViewModel.swift */ = {isa = PBXFileReference; lastKnownFileType = sourcecode.swift; path = MapViewModel.swift; sourceTree = "<group>"; };
		41C4F15B29D16C9900F20831 /* Observable.swift */ = {isa = PBXFileReference; lastKnownFileType = sourcecode.swift; path = Observable.swift; sourceTree = "<group>"; };
		41C4F16429D19D0200F20831 /* UIButton+init.swift */ = {isa = PBXFileReference; lastKnownFileType = sourcecode.swift; path = "UIButton+init.swift"; sourceTree = "<group>"; };
		41CAAA9B29BCCD3800E83A83 /* .swiftlint.yml */ = {isa = PBXFileReference; lastKnownFileType = text.yaml; path = .swiftlint.yml; sourceTree = "<group>"; };
		41D4FC8E29CF4D2C005DD915 /* Constant.swift */ = {isa = PBXFileReference; lastKnownFileType = sourcecode.swift; path = Constant.swift; sourceTree = "<group>"; };
		41D4FC9029CF51C1005DD915 /* DrawingView.swift */ = {isa = PBXFileReference; lastKnownFileType = sourcecode.swift; path = DrawingView.swift; sourceTree = "<group>"; };
		41DD30C729CB209400DCE87A /* UIColor+AssetColor.swift */ = {isa = PBXFileReference; lastKnownFileType = sourcecode.swift; path = "UIColor+AssetColor.swift"; sourceTree = "<group>"; };
		41DD30C929CB313400DCE87A /* MainViewModel.swift */ = {isa = PBXFileReference; lastKnownFileType = sourcecode.swift; path = MainViewModel.swift; sourceTree = "<group>"; };
		41DD30CB29CB3C9900DCE87A /* DefaultView.swift */ = {isa = PBXFileReference; lastKnownFileType = sourcecode.swift; path = DefaultView.swift; sourceTree = "<group>"; };
		41EB2ACC29D43BD5003AC5B2 /* ParkingLocation.xcdatamodel */ = {isa = PBXFileReference; lastKnownFileType = wrapper.xcdatamodel; path = ParkingLocation.xcdatamodel; sourceTree = "<group>"; };
		41EB2ACF29D43C5C003AC5B2 /* CoreDataStorage.swift */ = {isa = PBXFileReference; lastKnownFileType = sourcecode.swift; path = CoreDataStorage.swift; sourceTree = "<group>"; };
		41EB2AD129D43CE1003AC5B2 /* CoreDataLocationStorage.swift */ = {isa = PBXFileReference; lastKnownFileType = sourcecode.swift; path = CoreDataLocationStorage.swift; sourceTree = "<group>"; };
		41EB2AD329D4412C003AC5B2 /* DataMapping.swift */ = {isa = PBXFileReference; lastKnownFileType = sourcecode.swift; path = DataMapping.swift; sourceTree = "<group>"; };
		41EB2AD929D47807003AC5B2 /* FetchLocationUseCase.swift */ = {isa = PBXFileReference; lastKnownFileType = sourcecode.swift; path = FetchLocationUseCase.swift; sourceTree = "<group>"; };
		41EB2AE129D479BC003AC5B2 /* LocationRepository.swift */ = {isa = PBXFileReference; lastKnownFileType = sourcecode.swift; path = LocationRepository.swift; sourceTree = "<group>"; };
		41EB2AE329D47A10003AC5B2 /* DefaultLocationRepository.swift */ = {isa = PBXFileReference; lastKnownFileType = sourcecode.swift; path = DefaultLocationRepository.swift; sourceTree = "<group>"; };
		41EB2AE529D47EC7003AC5B2 /* SaveLocationUseCase.swift */ = {isa = PBXFileReference; lastKnownFileType = sourcecode.swift; path = SaveLocationUseCase.swift; sourceTree = "<group>"; };
		41F0084C29D41D9E000298B4 /* UIImage+AssetImage.swift */ = {isa = PBXFileReference; lastKnownFileType = sourcecode.swift; path = "UIImage+AssetImage.swift"; sourceTree = "<group>"; };
		41F0C2BC29D507A7001A8D41 /* LocationType.swift */ = {isa = PBXFileReference; lastKnownFileType = sourcecode.swift; path = LocationType.swift; sourceTree = "<group>"; };
		41F0C2BE29D557C2001A8D41 /* PhotoViewModel.swift */ = {isa = PBXFileReference; lastKnownFileType = sourcecode.swift; path = PhotoViewModel.swift; sourceTree = "<group>"; };
		41F0C2C029D55AC4001A8D41 /* DrawingViewModel.swift */ = {isa = PBXFileReference; lastKnownFileType = sourcecode.swift; path = DrawingViewModel.swift; sourceTree = "<group>"; };
		C336F5CAF5CE7A1BFFABDE2F /* Pods-FindMyCar.debug.xcconfig */ = {isa = PBXFileReference; includeInIndex = 1; lastKnownFileType = text.xcconfig; name = "Pods-FindMyCar.debug.xcconfig"; path = "Target Support Files/Pods-FindMyCar/Pods-FindMyCar.debug.xcconfig"; sourceTree = "<group>"; };
/* End PBXFileReference section */

/* Begin PBXFrameworksBuildPhase section */
		416891C429A87EA600677202 /* Frameworks */ = {
			isa = PBXFrameworksBuildPhase;
			buildActionMask = 2147483647;
			files = (
				C23547E1E607195A9F5FBF82 /* Pods_FindMyCar.framework in Frameworks */,
			);
			runOnlyForDeploymentPostprocessing = 0;
		};
/* End PBXFrameworksBuildPhase section */

/* Begin PBXGroup section */
		414310CE29CAE63F0071795E /* InfraStructure */ = {
			isa = PBXGroup;
			children = (
				41C4F15629D13E6800F20831 /* Map */,
			);
			path = InfraStructure;
			sourceTree = "<group>";
		};
		416891BE29A87EA600677202 = {
			isa = PBXGroup;
			children = (
				41CAAA9B29BCCD3800E83A83 /* .swiftlint.yml */,
				416891C929A87EA600677202 /* FindMyCar */,
				416891C829A87EA600677202 /* Products */,
				46E6C53979A62B71FF69F99D /* Pods */,
				C7FDEB990299B2C3266E9BF2 /* Frameworks */,
			);
			sourceTree = "<group>";
		};
		416891C829A87EA600677202 /* Products */ = {
			isa = PBXGroup;
			children = (
				416891C729A87EA600677202 /* FindMyCar.app */,
			);
			name = Products;
			sourceTree = "<group>";
		};
		416891C929A87EA600677202 /* FindMyCar */ = {
			isa = PBXGroup;
			children = (
				41CAAA9D29BCCD5E00E83A83 /* Application */,
				4184C77E29C7471900C53C00 /* Presentation */,
				41C4F15D29D175F000F20831 /* Domain */,
				41EB2AC929D43BBC003AC5B2 /* Data */,
				414310CE29CAE63F0071795E /* InfraStructure */,
				41C4F16129D18D5E00F20831 /* Resource */,
			);
			path = FindMyCar;
			sourceTree = "<group>";
		};
		4184C77E29C7471900C53C00 /* Presentation */ = {
			isa = PBXGroup;
			children = (
				41C4F16029D18CF700F20831 /* ViewScene */,
				41DD30C529CB1FFA00DCE87A /* Utils */,
			);
			path = Presentation;
			sourceTree = "<group>";
		};
		41C3E2CC29D2C01500224BA3 /* Protocol */ = {
			isa = PBXGroup;
			children = (
				41C3E2CD29D2C02500224BA3 /* Alertable.swift */,
			);
			path = Protocol;
			sourceTree = "<group>";
		};
		41C4F15629D13E6800F20831 /* Map */ = {
			isa = PBXGroup;
			children = (
				41C4F15729D13E7D00F20831 /* MapProvider.swift */,
			);
			path = Map;
			sourceTree = "<group>";
		};
		41C4F15D29D175F000F20831 /* Domain */ = {
			isa = PBXGroup;
			children = (
				41EB2AD529D4764E003AC5B2 /* UseCase */,
				41C4F15E29D175F800F20831 /* Model */,
				41EB2AE029D479A1003AC5B2 /* Interfaces */,
			);
			path = Domain;
			sourceTree = "<group>";
		};
		41C4F15E29D175F800F20831 /* Model */ = {
			isa = PBXGroup;
			children = (
				41F0C2BC29D507A7001A8D41 /* LocationType.swift */,
				414310D329CAE7730071795E /* Location.swift */,
			);
			path = Model;
			sourceTree = "<group>";
		};
		41C4F15F29D18C7E00F20831 /* MainView */ = {
			isa = PBXGroup;
			children = (
				41C4F15429D13BC400F20831 /* MapView.swift */,
				4143596E29CFE87500141137 /* PhotoView.swift */,
				41D4FC9029CF51C1005DD915 /* DrawingView.swift */,
				41DD30CB29CB3C9900DCE87A /* DefaultView.swift */,
			);
			path = MainView;
			sourceTree = "<group>";
		};
		41C4F16029D18CF700F20831 /* ViewScene */ = {
			isa = PBXGroup;
			children = (
				41DD30C229CB0DFD00DCE87A /* MainView */,
			);
			path = ViewScene;
			sourceTree = "<group>";
		};
		41C4F16129D18D5E00F20831 /* Resource */ = {
			isa = PBXGroup;
			children = (
				416891D329A87EA700677202 /* Assets.xcassets */,
				416891D529A87EA700677202 /* LaunchScreen.storyboard */,
				416891D829A87EA700677202 /* Info.plist */,
			);
			path = Resource;
			sourceTree = "<group>";
		};
		41CAAA9D29BCCD5E00E83A83 /* Application */ = {
			isa = PBXGroup;
			children = (
				416891CA29A87EA600677202 /* AppDelegate.swift */,
				416891CC29A87EA600677202 /* SceneDelegate.swift */,
			);
			path = Application;
			sourceTree = "<group>";
		};
		41DD30C229CB0DFD00DCE87A /* MainView */ = {
			isa = PBXGroup;
			children = (
				41DD30C329CB0E0600DCE87A /* ViewModel */,
				41DD30C429CB0E0E00DCE87A /* View */,
			);
			path = MainView;
			sourceTree = "<group>";
		};
		41DD30C329CB0E0600DCE87A /* ViewModel */ = {
			isa = PBXGroup;
			children = (
				41DD30C929CB313400DCE87A /* MainViewModel.swift */,
				41C4F15929D16C0E00F20831 /* MapViewModel.swift */,
				41F0C2BE29D557C2001A8D41 /* PhotoViewModel.swift */,
				41F0C2C029D55AC4001A8D41 /* DrawingViewModel.swift */,
				4198D35729D6D1F000F1B03A /* DefaultViewModel.swift */,
			);
			path = ViewModel;
			sourceTree = "<group>";
		};
		41DD30C429CB0E0E00DCE87A /* View */ = {
			isa = PBXGroup;
			children = (
				416891CE29A87EA600677202 /* MainViewController.swift */,
				41C4F15F29D18C7E00F20831 /* MainView */,
			);
			path = View;
			sourceTree = "<group>";
		};
		41DD30C529CB1FFA00DCE87A /* Utils */ = {
			isa = PBXGroup;
			children = (
				41D4FC8E29CF4D2C005DD915 /* Constant.swift */,
				41C4F15B29D16C9900F20831 /* Observable.swift */,
				41C3E2CC29D2C01500224BA3 /* Protocol */,
				41DD30C629CB208600DCE87A /* Extension */,
			);
			path = Utils;
			sourceTree = "<group>";
		};
		41DD30C629CB208600DCE87A /* Extension */ = {
			isa = PBXGroup;
			children = (
				41DD30C729CB209400DCE87A /* UIColor+AssetColor.swift */,
				41F0084C29D41D9E000298B4 /* UIImage+AssetImage.swift */,
				41C4F16429D19D0200F20831 /* UIButton+init.swift */,
			);
			path = Extension;
			sourceTree = "<group>";
		};
		41EB2AC929D43BBC003AC5B2 /* Data */ = {
			isa = PBXGroup;
			children = (
				41EB2ADF29D47979003AC5B2 /* Repositories */,
				41EB2ACA29D43BC5003AC5B2 /* CoreData */,
			);
			path = Data;
			sourceTree = "<group>";
		};
		41EB2ACA29D43BC5003AC5B2 /* CoreData */ = {
			isa = PBXGroup;
			children = (
				41EB2ACB29D43BD5003AC5B2 /* ParkingLocation.xcdatamodeld */,
				41EB2ACF29D43C5C003AC5B2 /* CoreDataStorage.swift */,
				41EB2AD129D43CE1003AC5B2 /* CoreDataLocationStorage.swift */,
				41EB2AD329D4412C003AC5B2 /* DataMapping.swift */,
			);
			path = CoreData;
			sourceTree = "<group>";
		};
		41EB2AD529D4764E003AC5B2 /* UseCase */ = {
			isa = PBXGroup;
			children = (
				4198D35529D6D13300F1B03A /* DeleteLocationUseCase.swift */,
				41EB2AD929D47807003AC5B2 /* FetchLocationUseCase.swift */,
				41EB2AE529D47EC7003AC5B2 /* SaveLocationUseCase.swift */,
			);
			path = UseCase;
			sourceTree = "<group>";
		};
		41EB2ADF29D47979003AC5B2 /* Repositories */ = {
			isa = PBXGroup;
			children = (
				41EB2AE329D47A10003AC5B2 /* DefaultLocationRepository.swift */,
			);
			path = Repositories;
			sourceTree = "<group>";
		};
		41EB2AE029D479A1003AC5B2 /* Interfaces */ = {
			isa = PBXGroup;
			children = (
				41EB2AE129D479BC003AC5B2 /* LocationRepository.swift */,
			);
			path = Interfaces;
			sourceTree = "<group>";
		};
		46E6C53979A62B71FF69F99D /* Pods */ = {
			isa = PBXGroup;
			children = (
				C336F5CAF5CE7A1BFFABDE2F /* Pods-FindMyCar.debug.xcconfig */,
				1F0E6D129F45677C6830F4F3 /* Pods-FindMyCar.release.xcconfig */,
			);
			path = Pods;
			sourceTree = "<group>";
		};
		C7FDEB990299B2C3266E9BF2 /* Frameworks */ = {
			isa = PBXGroup;
			children = (
				41BDEB8D52AC211832DD38D2 /* Pods_FindMyCar.framework */,
			);
			name = Frameworks;
			sourceTree = "<group>";
		};
/* End PBXGroup section */

/* Begin PBXNativeTarget section */
		416891C629A87EA600677202 /* FindMyCar */ = {
			isa = PBXNativeTarget;
			buildConfigurationList = 416891DB29A87EA700677202 /* Build configuration list for PBXNativeTarget "FindMyCar" */;
			buildPhases = (
				2BFE92A5DD796E4B92D7F531 /* [CP] Check Pods Manifest.lock */,
				41CAAA9A29BCCCE200E83A83 /* SwiftLint */,
				416891C329A87EA600677202 /* Sources */,
				416891C429A87EA600677202 /* Frameworks */,
				416891C529A87EA600677202 /* Resources */,
			);
			buildRules = (
			);
			dependencies = (
			);
			name = FindMyCar;
			productName = FindMyCar;
			productReference = 416891C729A87EA600677202 /* FindMyCar.app */;
			productType = "com.apple.product-type.application";
		};
/* End PBXNativeTarget section */

/* Begin PBXProject section */
		416891BF29A87EA600677202 /* Project object */ = {
			isa = PBXProject;
			attributes = {
				BuildIndependentTargetsInParallel = 1;
				LastSwiftUpdateCheck = 1420;
				LastUpgradeCheck = 1420;
				TargetAttributes = {
					416891C629A87EA600677202 = {
						CreatedOnToolsVersion = 14.2;
					};
				};
			};
			buildConfigurationList = 416891C229A87EA600677202 /* Build configuration list for PBXProject "FindMyCar" */;
			compatibilityVersion = "Xcode 14.0";
			developmentRegion = en;
			hasScannedForEncodings = 0;
			knownRegions = (
				en,
				Base,
			);
			mainGroup = 416891BE29A87EA600677202;
			productRefGroup = 416891C829A87EA600677202 /* Products */;
			projectDirPath = "";
			projectRoot = "";
			targets = (
				416891C629A87EA600677202 /* FindMyCar */,
			);
		};
/* End PBXProject section */

/* Begin PBXResourcesBuildPhase section */
		416891C529A87EA600677202 /* Resources */ = {
			isa = PBXResourcesBuildPhase;
			buildActionMask = 2147483647;
			files = (
				41CAAA9C29BCCD3800E83A83 /* .swiftlint.yml in Resources */,
				416891D729A87EA700677202 /* LaunchScreen.storyboard in Resources */,
				416891D429A87EA700677202 /* Assets.xcassets in Resources */,
			);
			runOnlyForDeploymentPostprocessing = 0;
		};
/* End PBXResourcesBuildPhase section */

/* Begin PBXShellScriptBuildPhase section */
		2BFE92A5DD796E4B92D7F531 /* [CP] Check Pods Manifest.lock */ = {
			isa = PBXShellScriptBuildPhase;
			buildActionMask = 2147483647;
			files = (
			);
			inputFileListPaths = (
			);
			inputPaths = (
				"${PODS_PODFILE_DIR_PATH}/Podfile.lock",
				"${PODS_ROOT}/Manifest.lock",
			);
			name = "[CP] Check Pods Manifest.lock";
			outputFileListPaths = (
			);
			outputPaths = (
				"$(DERIVED_FILE_DIR)/Pods-FindMyCar-checkManifestLockResult.txt",
			);
			runOnlyForDeploymentPostprocessing = 0;
			shellPath = /bin/sh;
			shellScript = "diff \"${PODS_PODFILE_DIR_PATH}/Podfile.lock\" \"${PODS_ROOT}/Manifest.lock\" > /dev/null\nif [ $? != 0 ] ; then\n    # print error to STDERR\n    echo \"error: The sandbox is not in sync with the Podfile.lock. Run 'pod install' or update your CocoaPods installation.\" >&2\n    exit 1\nfi\n# This output is used by Xcode 'outputs' to avoid re-running this script phase.\necho \"SUCCESS\" > \"${SCRIPT_OUTPUT_FILE_0}\"\n";
			showEnvVarsInLog = 0;
		};
		41CAAA9A29BCCCE200E83A83 /* SwiftLint */ = {
			isa = PBXShellScriptBuildPhase;
			alwaysOutOfDate = 1;
			buildActionMask = 2147483647;
			files = (
			);
			inputFileListPaths = (
			);
			inputPaths = (
			);
			name = SwiftLint;
			outputFileListPaths = (
			);
			outputPaths = (
			);
			runOnlyForDeploymentPostprocessing = 0;
			shellPath = /bin/sh;
			shellScript = "${PODS_ROOT}/SwiftLint/swiftlint\n";
		};
/* End PBXShellScriptBuildPhase section */

/* Begin PBXSourcesBuildPhase section */
		416891C329A87EA600677202 /* Sources */ = {
			isa = PBXSourcesBuildPhase;
			buildActionMask = 2147483647;
			files = (
				41DD30CA29CB313400DCE87A /* MainViewModel.swift in Sources */,
				41EB2ADA29D47807003AC5B2 /* FetchLocationUseCase.swift in Sources */,
				41EB2AD029D43C5C003AC5B2 /* CoreDataStorage.swift in Sources */,
				41EB2AE429D47A10003AC5B2 /* DefaultLocationRepository.swift in Sources */,
				41C4F15C29D16C9900F20831 /* Observable.swift in Sources */,
				41C4F15529D13BC400F20831 /* MapView.swift in Sources */,
				41F0C2BD29D507A7001A8D41 /* LocationType.swift in Sources */,
				41F0C2C129D55AC4001A8D41 /* DrawingViewModel.swift in Sources */,
				4198D35829D6D1F000F1B03A /* DefaultViewModel.swift in Sources */,
				41EB2AE229D479BC003AC5B2 /* LocationRepository.swift in Sources */,
				41F0C2BF29D557C2001A8D41 /* PhotoViewModel.swift in Sources */,
				41EB2AD229D43CE1003AC5B2 /* CoreDataLocationStorage.swift in Sources */,
				41F0084D29D41D9E000298B4 /* UIImage+AssetImage.swift in Sources */,
				41D4FC8F29CF4D2C005DD915 /* Constant.swift in Sources */,
				416891CF29A87EA600677202 /* MainViewController.swift in Sources */,
				4198D35629D6D13300F1B03A /* DeleteLocationUseCase.swift in Sources */,
				41D4FC9129CF51C1005DD915 /* DrawingView.swift in Sources */,
				41EB2AE629D47EC8003AC5B2 /* SaveLocationUseCase.swift in Sources */,
				41EB2AD429D4412C003AC5B2 /* DataMapping.swift in Sources */,
				41C3E2CE29D2C02500224BA3 /* Alertable.swift in Sources */,
				416891CB29A87EA600677202 /* AppDelegate.swift in Sources */,
				4143596F29CFE87500141137 /* PhotoView.swift in Sources */,
				41C4F15829D13E7D00F20831 /* MapProvider.swift in Sources */,
				414310D429CAE7730071795E /* Location.swift in Sources */,
				41DD30CC29CB3C9900DCE87A /* DefaultView.swift in Sources */,
				41EB2ACD29D43BD5003AC5B2 /* ParkingLocation.xcdatamodeld in Sources */,
				41C4F15A29D16C0E00F20831 /* MapViewModel.swift in Sources */,
				416891CD29A87EA600677202 /* SceneDelegate.swift in Sources */,
				41DD30C829CB209400DCE87A /* UIColor+AssetColor.swift in Sources */,
				41C4F16529D19D0200F20831 /* UIButton+init.swift in Sources */,
			);
			runOnlyForDeploymentPostprocessing = 0;
		};
/* End PBXSourcesBuildPhase section */

/* Begin PBXVariantGroup section */
		416891D529A87EA700677202 /* LaunchScreen.storyboard */ = {
			isa = PBXVariantGroup;
			children = (
				416891D629A87EA700677202 /* Base */,
			);
			name = LaunchScreen.storyboard;
			sourceTree = "<group>";
		};
/* End PBXVariantGroup section */

/* Begin XCBuildConfiguration section */
		416891D929A87EA700677202 /* Debug */ = {
			isa = XCBuildConfiguration;
			buildSettings = {
				ALWAYS_SEARCH_USER_PATHS = NO;
				CLANG_ANALYZER_NONNULL = YES;
				CLANG_ANALYZER_NUMBER_OBJECT_CONVERSION = YES_AGGRESSIVE;
				CLANG_CXX_LANGUAGE_STANDARD = "gnu++20";
				CLANG_ENABLE_MODULES = YES;
				CLANG_ENABLE_OBJC_ARC = YES;
				CLANG_ENABLE_OBJC_WEAK = YES;
				CLANG_WARN_BLOCK_CAPTURE_AUTORELEASING = YES;
				CLANG_WARN_BOOL_CONVERSION = YES;
				CLANG_WARN_COMMA = YES;
				CLANG_WARN_CONSTANT_CONVERSION = YES;
				CLANG_WARN_DEPRECATED_OBJC_IMPLEMENTATIONS = YES;
				CLANG_WARN_DIRECT_OBJC_ISA_USAGE = YES_ERROR;
				CLANG_WARN_DOCUMENTATION_COMMENTS = YES;
				CLANG_WARN_EMPTY_BODY = YES;
				CLANG_WARN_ENUM_CONVERSION = YES;
				CLANG_WARN_INFINITE_RECURSION = YES;
				CLANG_WARN_INT_CONVERSION = YES;
				CLANG_WARN_NON_LITERAL_NULL_CONVERSION = YES;
				CLANG_WARN_OBJC_IMPLICIT_RETAIN_SELF = YES;
				CLANG_WARN_OBJC_LITERAL_CONVERSION = YES;
				CLANG_WARN_OBJC_ROOT_CLASS = YES_ERROR;
				CLANG_WARN_QUOTED_INCLUDE_IN_FRAMEWORK_HEADER = YES;
				CLANG_WARN_RANGE_LOOP_ANALYSIS = YES;
				CLANG_WARN_STRICT_PROTOTYPES = YES;
				CLANG_WARN_SUSPICIOUS_MOVE = YES;
				CLANG_WARN_UNGUARDED_AVAILABILITY = YES_AGGRESSIVE;
				CLANG_WARN_UNREACHABLE_CODE = YES;
				CLANG_WARN__DUPLICATE_METHOD_MATCH = YES;
				COPY_PHASE_STRIP = NO;
				DEBUG_INFORMATION_FORMAT = dwarf;
				ENABLE_STRICT_OBJC_MSGSEND = YES;
				ENABLE_TESTABILITY = YES;
				GCC_C_LANGUAGE_STANDARD = gnu11;
				GCC_DYNAMIC_NO_PIC = NO;
				GCC_NO_COMMON_BLOCKS = YES;
				GCC_OPTIMIZATION_LEVEL = 0;
				GCC_PREPROCESSOR_DEFINITIONS = (
					"DEBUG=1",
					"$(inherited)",
				);
				GCC_WARN_64_TO_32_BIT_CONVERSION = YES;
				GCC_WARN_ABOUT_RETURN_TYPE = YES_ERROR;
				GCC_WARN_UNDECLARED_SELECTOR = YES;
				GCC_WARN_UNINITIALIZED_AUTOS = YES_AGGRESSIVE;
				GCC_WARN_UNUSED_FUNCTION = YES;
				GCC_WARN_UNUSED_VARIABLE = YES;
				INFOPLIST_FILE = FindMyCar/Resource/Info.plist;
				INFOPLIST_KEY_UISupportedInterfaceOrientations_iPad = "";
				INFOPLIST_KEY_UISupportedInterfaceOrientations_iPhone = UIInterfaceOrientationPortrait;
				IPHONEOS_DEPLOYMENT_TARGET = 14.0;
				MTL_ENABLE_DEBUG_INFO = INCLUDE_SOURCE;
				MTL_FAST_MATH = YES;
				ONLY_ACTIVE_ARCH = YES;
				SDKROOT = iphoneos;
				SWIFT_ACTIVE_COMPILATION_CONDITIONS = DEBUG;
				SWIFT_OPTIMIZATION_LEVEL = "-Onone";
			};
			name = Debug;
		};
		416891DA29A87EA700677202 /* Release */ = {
			isa = XCBuildConfiguration;
			buildSettings = {
				ALWAYS_SEARCH_USER_PATHS = NO;
				CLANG_ANALYZER_NONNULL = YES;
				CLANG_ANALYZER_NUMBER_OBJECT_CONVERSION = YES_AGGRESSIVE;
				CLANG_CXX_LANGUAGE_STANDARD = "gnu++20";
				CLANG_ENABLE_MODULES = YES;
				CLANG_ENABLE_OBJC_ARC = YES;
				CLANG_ENABLE_OBJC_WEAK = YES;
				CLANG_WARN_BLOCK_CAPTURE_AUTORELEASING = YES;
				CLANG_WARN_BOOL_CONVERSION = YES;
				CLANG_WARN_COMMA = YES;
				CLANG_WARN_CONSTANT_CONVERSION = YES;
				CLANG_WARN_DEPRECATED_OBJC_IMPLEMENTATIONS = YES;
				CLANG_WARN_DIRECT_OBJC_ISA_USAGE = YES_ERROR;
				CLANG_WARN_DOCUMENTATION_COMMENTS = YES;
				CLANG_WARN_EMPTY_BODY = YES;
				CLANG_WARN_ENUM_CONVERSION = YES;
				CLANG_WARN_INFINITE_RECURSION = YES;
				CLANG_WARN_INT_CONVERSION = YES;
				CLANG_WARN_NON_LITERAL_NULL_CONVERSION = YES;
				CLANG_WARN_OBJC_IMPLICIT_RETAIN_SELF = YES;
				CLANG_WARN_OBJC_LITERAL_CONVERSION = YES;
				CLANG_WARN_OBJC_ROOT_CLASS = YES_ERROR;
				CLANG_WARN_QUOTED_INCLUDE_IN_FRAMEWORK_HEADER = YES;
				CLANG_WARN_RANGE_LOOP_ANALYSIS = YES;
				CLANG_WARN_STRICT_PROTOTYPES = YES;
				CLANG_WARN_SUSPICIOUS_MOVE = YES;
				CLANG_WARN_UNGUARDED_AVAILABILITY = YES_AGGRESSIVE;
				CLANG_WARN_UNREACHABLE_CODE = YES;
				CLANG_WARN__DUPLICATE_METHOD_MATCH = YES;
				COPY_PHASE_STRIP = NO;
				DEBUG_INFORMATION_FORMAT = "dwarf-with-dsym";
				ENABLE_NS_ASSERTIONS = NO;
				ENABLE_STRICT_OBJC_MSGSEND = YES;
				GCC_C_LANGUAGE_STANDARD = gnu11;
				GCC_NO_COMMON_BLOCKS = YES;
				GCC_WARN_64_TO_32_BIT_CONVERSION = YES;
				GCC_WARN_ABOUT_RETURN_TYPE = YES_ERROR;
				GCC_WARN_UNDECLARED_SELECTOR = YES;
				GCC_WARN_UNINITIALIZED_AUTOS = YES_AGGRESSIVE;
				GCC_WARN_UNUSED_FUNCTION = YES;
				GCC_WARN_UNUSED_VARIABLE = YES;
				INFOPLIST_FILE = FindMyCar/Resource/Info.plist;
				INFOPLIST_KEY_UISupportedInterfaceOrientations_iPad = "";
				INFOPLIST_KEY_UISupportedInterfaceOrientations_iPhone = UIInterfaceOrientationPortrait;
				IPHONEOS_DEPLOYMENT_TARGET = 14.0;
				MTL_ENABLE_DEBUG_INFO = NO;
				MTL_FAST_MATH = YES;
				SDKROOT = iphoneos;
				SWIFT_COMPILATION_MODE = wholemodule;
				SWIFT_OPTIMIZATION_LEVEL = "-O";
				VALIDATE_PRODUCT = YES;
			};
			name = Release;
		};
		416891DC29A87EA700677202 /* Debug */ = {
			isa = XCBuildConfiguration;
			baseConfigurationReference = C336F5CAF5CE7A1BFFABDE2F /* Pods-FindMyCar.debug.xcconfig */;
			buildSettings = {
				ASSETCATALOG_COMPILER_APPICON_NAME = AppIcon;
				ASSETCATALOG_COMPILER_GLOBAL_ACCENT_COLOR_NAME = AccentColor;
				CODE_SIGN_STYLE = Automatic;
				CURRENT_PROJECT_VERSION = 1;
				DEVELOPMENT_TEAM = G9W4Z8U9JB;
				GENERATE_INFOPLIST_FILE = YES;
				IBSC_FLATTEN_NIBS = YES;
				INFOPLIST_FILE = FindMyCar/Resource/Info.plist;
				INFOPLIST_KEY_UIApplicationSupportsIndirectInputEvents = YES;
				INFOPLIST_KEY_UILaunchStoryboardName = LaunchScreen;
				INFOPLIST_KEY_UIMainStoryboardFile = "";
				INFOPLIST_KEY_UISupportedInterfaceOrientations_iPad = UIInterfaceOrientationPortrait;
				INFOPLIST_KEY_UISupportedInterfaceOrientations_iPhone = UIInterfaceOrientationPortrait;
				LD_RUNPATH_SEARCH_PATHS = (
					"$(inherited)",
					"@executable_path/Frameworks",
				);
				MARKETING_VERSION = 1.0;
				PRODUCT_BUNDLE_IDENTIFIER = com.sunny.FindMyCar;
				PRODUCT_NAME = "$(TARGET_NAME)";
				SWIFT_EMIT_LOC_STRINGS = YES;
				SWIFT_VERSION = 5.0;
				TARGETED_DEVICE_FAMILY = "1,2";
			};
			name = Debug;
		};
		416891DD29A87EA700677202 /* Release */ = {
			isa = XCBuildConfiguration;
			baseConfigurationReference = 1F0E6D129F45677C6830F4F3 /* Pods-FindMyCar.release.xcconfig */;
			buildSettings = {
				ASSETCATALOG_COMPILER_APPICON_NAME = AppIcon;
				ASSETCATALOG_COMPILER_GLOBAL_ACCENT_COLOR_NAME = AccentColor;
				CODE_SIGN_STYLE = Automatic;
				CURRENT_PROJECT_VERSION = 1;
				DEVELOPMENT_TEAM = G9W4Z8U9JB;
				GENERATE_INFOPLIST_FILE = YES;
				IBSC_FLATTEN_NIBS = YES;
				INFOPLIST_FILE = FindMyCar/Resource/Info.plist;
				INFOPLIST_KEY_UIApplicationSupportsIndirectInputEvents = YES;
				INFOPLIST_KEY_UILaunchStoryboardName = LaunchScreen;
				INFOPLIST_KEY_UIMainStoryboardFile = "";
				INFOPLIST_KEY_UISupportedInterfaceOrientations_iPad = UIInterfaceOrientationPortrait;
				INFOPLIST_KEY_UISupportedInterfaceOrientations_iPhone = UIInterfaceOrientationPortrait;
				LD_RUNPATH_SEARCH_PATHS = (
					"$(inherited)",
					"@executable_path/Frameworks",
				);
				MARKETING_VERSION = 1.0;
				PRODUCT_BUNDLE_IDENTIFIER = com.sunny.FindMyCar;
				PRODUCT_NAME = "$(TARGET_NAME)";
				SWIFT_EMIT_LOC_STRINGS = YES;
				SWIFT_VERSION = 5.0;
				TARGETED_DEVICE_FAMILY = "1,2";
			};
			name = Release;
		};
/* End XCBuildConfiguration section */

/* Begin XCConfigurationList section */
		416891C229A87EA600677202 /* Build configuration list for PBXProject "FindMyCar" */ = {
			isa = XCConfigurationList;
			buildConfigurations = (
				416891D929A87EA700677202 /* Debug */,
				416891DA29A87EA700677202 /* Release */,
			);
			defaultConfigurationIsVisible = 0;
			defaultConfigurationName = Release;
		};
		416891DB29A87EA700677202 /* Build configuration list for PBXNativeTarget "FindMyCar" */ = {
			isa = XCConfigurationList;
			buildConfigurations = (
				416891DC29A87EA700677202 /* Debug */,
				416891DD29A87EA700677202 /* Release */,
			);
			defaultConfigurationIsVisible = 0;
			defaultConfigurationName = Release;
		};
/* End XCConfigurationList section */

/* Begin XCVersionGroup section */
		41EB2ACB29D43BD5003AC5B2 /* ParkingLocation.xcdatamodeld */ = {
			isa = XCVersionGroup;
			children = (
				41EB2ACC29D43BD5003AC5B2 /* ParkingLocation.xcdatamodel */,
			);
			currentVersion = 41EB2ACC29D43BD5003AC5B2 /* ParkingLocation.xcdatamodel */;
			path = ParkingLocation.xcdatamodeld;
			sourceTree = "<group>";
			versionGroupType = wrapper.xcdatamodel;
		};
/* End XCVersionGroup section */
	};
	rootObject = 416891BF29A87EA600677202 /* Project object */;
}
